// !$*UTF8*$!
{
	archiveVersion = 1;
	classes = {
	};
	objectVersion = 50;
	objects = {

/* Begin PBXBuildFile section */
		B87838152688E9BE00FFC92F /* PortfolioSwiftUIApp.swift in Sources */ = {isa = PBXBuildFile; fileRef = B87838142688E9BE00FFC92F /* PortfolioSwiftUIApp.swift */; };
		B87838172688E9BE00FFC92F /* PortfolioView.swift in Sources */ = {isa = PBXBuildFile; fileRef = B87838162688E9BE00FFC92F /* PortfolioView.swift */; };
		B87838192688E9BF00FFC92F /* Assets.xcassets in Resources */ = {isa = PBXBuildFile; fileRef = B87838182688E9BF00FFC92F /* Assets.xcassets */; };
		B878381C2688E9BF00FFC92F /* Preview Assets.xcassets in Resources */ = {isa = PBXBuildFile; fileRef = B878381B2688E9BF00FFC92F /* Preview Assets.xcassets */; };
		B87838272688E9BF00FFC92F /* PortfolioSwiftUITests.swift in Sources */ = {isa = PBXBuildFile; fileRef = B87838262688E9BF00FFC92F /* PortfolioSwiftUITests.swift */; };
		B87838322688E9BF00FFC92F /* PortfolioSwiftUIUITests.swift in Sources */ = {isa = PBXBuildFile; fileRef = B87838312688E9BF00FFC92F /* PortfolioSwiftUIUITests.swift */; };
		B8B2D84F2688EF8A00949647 /* PorjectList.swift in Sources */ = {isa = PBXBuildFile; fileRef = B8B2D84E2688EF8A00949647 /* PorjectList.swift */; };
		B8B2D8512688F23200949647 /* ProjectView.swift in Sources */ = {isa = PBXBuildFile; fileRef = B8B2D8502688F23200949647 /* ProjectView.swift */; };
/* End PBXBuildFile section */

/* Begin PBXContainerItemProxy section */
		B87838232688E9BF00FFC92F /* PBXContainerItemProxy */ = {
			isa = PBXContainerItemProxy;
			containerPortal = B87838092688E9BE00FFC92F /* Project object */;
			proxyType = 1;
			remoteGlobalIDString = B87838102688E9BE00FFC92F;
			remoteInfo = PortfolioSwiftUI;
		};
		B878382E2688E9BF00FFC92F /* PBXContainerItemProxy */ = {
			isa = PBXContainerItemProxy;
			containerPortal = B87838092688E9BE00FFC92F /* Project object */;
			proxyType = 1;
			remoteGlobalIDString = B87838102688E9BE00FFC92F;
			remoteInfo = PortfolioSwiftUI;
		};
/* End PBXContainerItemProxy section */

/* Begin PBXFileReference section */
		B87838112688E9BE00FFC92F /* PortfolioSwiftUI.app */ = {isa = PBXFileReference; explicitFileType = wrapper.application; includeInIndex = 0; path = PortfolioSwiftUI.app; sourceTree = BUILT_PRODUCTS_DIR; };
		B87838142688E9BE00FFC92F /* PortfolioSwiftUIApp.swift */ = {isa = PBXFileReference; lastKnownFileType = sourcecode.swift; path = PortfolioSwiftUIApp.swift; sourceTree = "<group>"; };
		B87838162688E9BE00FFC92F /* PortfolioView.swift */ = {isa = PBXFileReference; lastKnownFileType = sourcecode.swift; path = PortfolioView.swift; sourceTree = "<group>"; };
		B87838182688E9BF00FFC92F /* Assets.xcassets */ = {isa = PBXFileReference; lastKnownFileType = folder.assetcatalog; path = Assets.xcassets; sourceTree = "<group>"; };
		B878381B2688E9BF00FFC92F /* Preview Assets.xcassets */ = {isa = PBXFileReference; lastKnownFileType = folder.assetcatalog; path = "Preview Assets.xcassets"; sourceTree = "<group>"; };
		B878381D2688E9BF00FFC92F /* Info.plist */ = {isa = PBXFileReference; lastKnownFileType = text.plist.xml; path = Info.plist; sourceTree = "<group>"; };
		B87838222688E9BF00FFC92F /* PortfolioSwiftUITests.xctest */ = {isa = PBXFileReference; explicitFileType = wrapper.cfbundle; includeInIndex = 0; path = PortfolioSwiftUITests.xctest; sourceTree = BUILT_PRODUCTS_DIR; };
		B87838262688E9BF00FFC92F /* PortfolioSwiftUITests.swift */ = {isa = PBXFileReference; lastKnownFileType = sourcecode.swift; path = PortfolioSwiftUITests.swift; sourceTree = "<group>"; };
		B87838282688E9BF00FFC92F /* Info.plist */ = {isa = PBXFileReference; lastKnownFileType = text.plist.xml; path = Info.plist; sourceTree = "<group>"; };
		B878382D2688E9BF00FFC92F /* PortfolioSwiftUIUITests.xctest */ = {isa = PBXFileReference; explicitFileType = wrapper.cfbundle; includeInIndex = 0; path = PortfolioSwiftUIUITests.xctest; sourceTree = BUILT_PRODUCTS_DIR; };
		B87838312688E9BF00FFC92F /* PortfolioSwiftUIUITests.swift */ = {isa = PBXFileReference; lastKnownFileType = sourcecode.swift; path = PortfolioSwiftUIUITests.swift; sourceTree = "<group>"; };
		B87838332688E9BF00FFC92F /* Info.plist */ = {isa = PBXFileReference; lastKnownFileType = text.plist.xml; path = Info.plist; sourceTree = "<group>"; };
		B8B2D84E2688EF8A00949647 /* PorjectList.swift */ = {isa = PBXFileReference; lastKnownFileType = sourcecode.swift; path = PorjectList.swift; sourceTree = "<group>"; };
		B8B2D8502688F23200949647 /* ProjectView.swift */ = {isa = PBXFileReference; lastKnownFileType = sourcecode.swift; path = ProjectView.swift; sourceTree = "<group>"; };
/* End PBXFileReference section */

/* Begin PBXFrameworksBuildPhase section */
		B878380E2688E9BE00FFC92F /* Frameworks */ = {
			isa = PBXFrameworksBuildPhase;
			buildActionMask = 2147483647;
			files = (
			);
			runOnlyForDeploymentPostprocessing = 0;
		};
		B878381F2688E9BF00FFC92F /* Frameworks */ = {
			isa = PBXFrameworksBuildPhase;
			buildActionMask = 2147483647;
			files = (
			);
			runOnlyForDeploymentPostprocessing = 0;
		};
		B878382A2688E9BF00FFC92F /* Frameworks */ = {
			isa = PBXFrameworksBuildPhase;
			buildActionMask = 2147483647;
			files = (
			);
			runOnlyForDeploymentPostprocessing = 0;
		};
/* End PBXFrameworksBuildPhase section */

/* Begin PBXGroup section */
		B87838082688E9BE00FFC92F = {
			isa = PBXGroup;
			children = (
				B87838132688E9BE00FFC92F /* PortfolioSwiftUI */,
				B87838252688E9BF00FFC92F /* PortfolioSwiftUITests */,
				B87838302688E9BF00FFC92F /* PortfolioSwiftUIUITests */,
				B87838122688E9BE00FFC92F /* Products */,
			);
			sourceTree = "<group>";
		};
		B87838122688E9BE00FFC92F /* Products */ = {
			isa = PBXGroup;
			children = (
				B87838112688E9BE00FFC92F /* PortfolioSwiftUI.app */,
				B87838222688E9BF00FFC92F /* PortfolioSwiftUITests.xctest */,
				B878382D2688E9BF00FFC92F /* PortfolioSwiftUIUITests.xctest */,
			);
			name = Products;
			sourceTree = "<group>";
		};
		B87838132688E9BE00FFC92F /* PortfolioSwiftUI */ = {
			isa = PBXGroup;
			children = (
				B87838142688E9BE00FFC92F /* PortfolioSwiftUIApp.swift */,
				B8B2D84E2688EF8A00949647 /* PorjectList.swift */,
				B8B2D8502688F23200949647 /* ProjectView.swift */,
				B87838162688E9BE00FFC92F /* PortfolioView.swift */,
				B87838182688E9BF00FFC92F /* Assets.xcassets */,
				B878381D2688E9BF00FFC92F /* Info.plist */,
				B878381A2688E9BF00FFC92F /* Preview Content */,
			);
			path = PortfolioSwiftUI;
			sourceTree = "<group>";
		};
		B878381A2688E9BF00FFC92F /* Preview Content */ = {
			isa = PBXGroup;
			children = (
				B878381B2688E9BF00FFC92F /* Preview Assets.xcassets */,
			);
			path = "Preview Content";
			sourceTree = "<group>";
		};
		B87838252688E9BF00FFC92F /* PortfolioSwiftUITests */ = {
			isa = PBXGroup;
			children = (
				B87838262688E9BF00FFC92F /* PortfolioSwiftUITests.swift */,
				B87838282688E9BF00FFC92F /* Info.plist */,
			);
			path = PortfolioSwiftUITests;
			sourceTree = "<group>";
		};
		B87838302688E9BF00FFC92F /* PortfolioSwiftUIUITests */ = {
			isa = PBXGroup;
			children = (
				B87838312688E9BF00FFC92F /* PortfolioSwiftUIUITests.swift */,
				B87838332688E9BF00FFC92F /* Info.plist */,
			);
			path = PortfolioSwiftUIUITests;
			sourceTree = "<group>";
		};
/* End PBXGroup section */

/* Begin PBXNativeTarget section */
		B87838102688E9BE00FFC92F /* PortfolioSwiftUI */ = {
			isa = PBXNativeTarget;
			buildConfigurationList = B87838362688E9BF00FFC92F /* Build configuration list for PBXNativeTarget "PortfolioSwiftUI" */;
			buildPhases = (
				B878380D2688E9BE00FFC92F /* Sources */,
				B878380E2688E9BE00FFC92F /* Frameworks */,
				B878380F2688E9BE00FFC92F /* Resources */,
			);
			buildRules = (
			);
			dependencies = (
			);
			name = PortfolioSwiftUI;
			productName = PortfolioSwiftUI;
			productReference = B87838112688E9BE00FFC92F /* PortfolioSwiftUI.app */;
			productType = "com.apple.product-type.application";
		};
		B87838212688E9BF00FFC92F /* PortfolioSwiftUITests */ = {
			isa = PBXNativeTarget;
			buildConfigurationList = B87838392688E9BF00FFC92F /* Build configuration list for PBXNativeTarget "PortfolioSwiftUITests" */;
			buildPhases = (
				B878381E2688E9BF00FFC92F /* Sources */,
				B878381F2688E9BF00FFC92F /* Frameworks */,
				B87838202688E9BF00FFC92F /* Resources */,
			);
			buildRules = (
			);
			dependencies = (
				B87838242688E9BF00FFC92F /* PBXTargetDependency */,
			);
			name = PortfolioSwiftUITests;
			productName = PortfolioSwiftUITests;
			productReference = B87838222688E9BF00FFC92F /* PortfolioSwiftUITests.xctest */;
			productType = "com.apple.product-type.bundle.unit-test";
		};
		B878382C2688E9BF00FFC92F /* PortfolioSwiftUIUITests */ = {
			isa = PBXNativeTarget;
			buildConfigurationList = B878383C2688E9BF00FFC92F /* Build configuration list for PBXNativeTarget "PortfolioSwiftUIUITests" */;
			buildPhases = (
				B87838292688E9BF00FFC92F /* Sources */,
				B878382A2688E9BF00FFC92F /* Frameworks */,
				B878382B2688E9BF00FFC92F /* Resources */,
			);
			buildRules = (
			);
			dependencies = (
				B878382F2688E9BF00FFC92F /* PBXTargetDependency */,
			);
			name = PortfolioSwiftUIUITests;
			productName = PortfolioSwiftUIUITests;
			productReference = B878382D2688E9BF00FFC92F /* PortfolioSwiftUIUITests.xctest */;
			productType = "com.apple.product-type.bundle.ui-testing";
		};
/* End PBXNativeTarget section */

/* Begin PBXProject section */
		B87838092688E9BE00FFC92F /* Project object */ = {
			isa = PBXProject;
			attributes = {
				LastSwiftUpdateCheck = 1250;
				LastUpgradeCheck = 1250;
				TargetAttributes = {
					B87838102688E9BE00FFC92F = {
						CreatedOnToolsVersion = 12.5.1;
					};
					B87838212688E9BF00FFC92F = {
						CreatedOnToolsVersion = 12.5.1;
						TestTargetID = B87838102688E9BE00FFC92F;
					};
					B878382C2688E9BF00FFC92F = {
						CreatedOnToolsVersion = 12.5.1;
						TestTargetID = B87838102688E9BE00FFC92F;
					};
				};
			};
			buildConfigurationList = B878380C2688E9BE00FFC92F /* Build configuration list for PBXProject "PortfolioSwiftUI" */;
			compatibilityVersion = "Xcode 9.3";
			developmentRegion = en;
			hasScannedForEncodings = 0;
			knownRegions = (
				en,
				Base,
			);
			mainGroup = B87838082688E9BE00FFC92F;
			productRefGroup = B87838122688E9BE00FFC92F /* Products */;
			projectDirPath = "";
			projectRoot = "";
			targets = (
				B87838102688E9BE00FFC92F /* PortfolioSwiftUI */,
				B87838212688E9BF00FFC92F /* PortfolioSwiftUITests */,
				B878382C2688E9BF00FFC92F /* PortfolioSwiftUIUITests */,
			);
		};
/* End PBXProject section */

/* Begin PBXResourcesBuildPhase section */
		B878380F2688E9BE00FFC92F /* Resources */ = {
			isa = PBXResourcesBuildPhase;
			buildActionMask = 2147483647;
			files = (
				B878381C2688E9BF00FFC92F /* Preview Assets.xcassets in Resources */,
				B87838192688E9BF00FFC92F /* Assets.xcassets in Resources */,
			);
			runOnlyForDeploymentPostprocessing = 0;
		};
		B87838202688E9BF00FFC92F /* Resources */ = {
			isa = PBXResourcesBuildPhase;
			buildActionMask = 2147483647;
			files = (
			);
			runOnlyForDeploymentPostprocessing = 0;
		};
		B878382B2688E9BF00FFC92F /* Resources */ = {
			isa = PBXResourcesBuildPhase;
			buildActionMask = 2147483647;
			files = (
			);
			runOnlyForDeploymentPostprocessing = 0;
		};
/* End PBXResourcesBuildPhase section */

/* Begin PBXSourcesBuildPhase section */
		B878380D2688E9BE00FFC92F /* Sources */ = {
			isa = PBXSourcesBuildPhase;
			buildActionMask = 2147483647;
			files = (
				B87838172688E9BE00FFC92F /* PortfolioView.swift in Sources */,
				B8B2D8512688F23200949647 /* ProjectView.swift in Sources */,
				B87838152688E9BE00FFC92F /* PortfolioSwiftUIApp.swift in Sources */,
				B8B2D84F2688EF8A00949647 /* PorjectList.swift in Sources */,
			);
			runOnlyForDeploymentPostprocessing = 0;
		};
		B878381E2688E9BF00FFC92F /* Sources */ = {
			isa = PBXSourcesBuildPhase;
			buildActionMask = 2147483647;
			files = (
				B87838272688E9BF00FFC92F /* PortfolioSwiftUITests.swift in Sources */,
			);
			runOnlyForDeploymentPostprocessing = 0;
		};
		B87838292688E9BF00FFC92F /* Sources */ = {
			isa = PBXSourcesBuildPhase;
			buildActionMask = 2147483647;
			files = (
				B87838322688E9BF00FFC92F /* PortfolioSwiftUIUITests.swift in Sources */,
			);
			runOnlyForDeploymentPostprocessing = 0;
		};
/* End PBXSourcesBuildPhase section */

/* Begin PBXTargetDependency section */
		B87838242688E9BF00FFC92F /* PBXTargetDependency */ = {
			isa = PBXTargetDependency;
			target = B87838102688E9BE00FFC92F /* PortfolioSwiftUI */;
			targetProxy = B87838232688E9BF00FFC92F /* PBXContainerItemProxy */;
		};
		B878382F2688E9BF00FFC92F /* PBXTargetDependency */ = {
			isa = PBXTargetDependency;
			target = B87838102688E9BE00FFC92F /* PortfolioSwiftUI */;
			targetProxy = B878382E2688E9BF00FFC92F /* PBXContainerItemProxy */;
		};
/* End PBXTargetDependency section */

/* Begin XCBuildConfiguration section */
		B87838342688E9BF00FFC92F /* Debug */ = {
			isa = XCBuildConfiguration;
			buildSettings = {
				ALWAYS_SEARCH_USER_PATHS = NO;
				CLANG_ANALYZER_NONNULL = YES;
				CLANG_ANALYZER_NUMBER_OBJECT_CONVERSION = YES_AGGRESSIVE;
				CLANG_CXX_LANGUAGE_STANDARD = "gnu++14";
				CLANG_CXX_LIBRARY = "libc++";
				CLANG_ENABLE_MODULES = YES;
				CLANG_ENABLE_OBJC_ARC = YES;
				CLANG_ENABLE_OBJC_WEAK = YES;
				CLANG_WARN_BLOCK_CAPTURE_AUTORELEASING = YES;
				CLANG_WARN_BOOL_CONVERSION = YES;
				CLANG_WARN_COMMA = YES;
				CLANG_WARN_CONSTANT_CONVERSION = YES;
				CLANG_WARN_DEPRECATED_OBJC_IMPLEMENTATIONS = YES;
				CLANG_WARN_DIRECT_OBJC_ISA_USAGE = YES_ERROR;
				CLANG_WARN_DOCUMENTATION_COMMENTS = YES;
				CLANG_WARN_EMPTY_BODY = YES;
				CLANG_WARN_ENUM_CONVERSION = YES;
				CLANG_WARN_INFINITE_RECURSION = YES;
				CLANG_WARN_INT_CONVERSION = YES;
				CLANG_WARN_NON_LITERAL_NULL_CONVERSION = YES;
				CLANG_WARN_OBJC_IMPLICIT_RETAIN_SELF = YES;
				CLANG_WARN_OBJC_LITERAL_CONVERSION = YES;
				CLANG_WARN_OBJC_ROOT_CLASS = YES_ERROR;
				CLANG_WARN_QUOTED_INCLUDE_IN_FRAMEWORK_HEADER = YES;
				CLANG_WARN_RANGE_LOOP_ANALYSIS = YES;
				CLANG_WARN_STRICT_PROTOTYPES = YES;
				CLANG_WARN_SUSPICIOUS_MOVE = YES;
				CLANG_WARN_UNGUARDED_AVAILABILITY = YES_AGGRESSIVE;
				CLANG_WARN_UNREACHABLE_CODE = YES;
				CLANG_WARN__DUPLICATE_METHOD_MATCH = YES;
				COPY_PHASE_STRIP = NO;
				DEBUG_INFORMATION_FORMAT = dwarf;
				ENABLE_STRICT_OBJC_MSGSEND = YES;
				ENABLE_TESTABILITY = YES;
				GCC_C_LANGUAGE_STANDARD = gnu11;
				GCC_DYNAMIC_NO_PIC = NO;
				GCC_NO_COMMON_BLOCKS = YES;
				GCC_OPTIMIZATION_LEVEL = 0;
				GCC_PREPROCESSOR_DEFINITIONS = (
					"DEBUG=1",
					"$(inherited)",
				);
				GCC_WARN_64_TO_32_BIT_CONVERSION = YES;
				GCC_WARN_ABOUT_RETURN_TYPE = YES_ERROR;
				GCC_WARN_UNDECLARED_SELECTOR = YES;
				GCC_WARN_UNINITIALIZED_AUTOS = YES_AGGRESSIVE;
				GCC_WARN_UNUSED_FUNCTION = YES;
				GCC_WARN_UNUSED_VARIABLE = YES;
				IPHONEOS_DEPLOYMENT_TARGET = 14.5;
				MTL_ENABLE_DEBUG_INFO = INCLUDE_SOURCE;
				MTL_FAST_MATH = YES;
				ONLY_ACTIVE_ARCH = YES;
				SDKROOT = iphoneos;
				SWIFT_ACTIVE_COMPILATION_CONDITIONS = DEBUG;
				SWIFT_OPTIMIZATION_LEVEL = "-Onone";
			};
			name = Debug;
		};
		B87838352688E9BF00FFC92F /* Release */ = {
			isa = XCBuildConfiguration;
			buildSettings = {
				ALWAYS_SEARCH_USER_PATHS = NO;
				CLANG_ANALYZER_NONNULL = YES;
				CLANG_ANALYZER_NUMBER_OBJECT_CONVERSION = YES_AGGRESSIVE;
				CLANG_CXX_LANGUAGE_STANDARD = "gnu++14";
				CLANG_CXX_LIBRARY = "libc++";
				CLANG_ENABLE_MODULES = YES;
				CLANG_ENABLE_OBJC_ARC = YES;
				CLANG_ENABLE_OBJC_WEAK = YES;
				CLANG_WARN_BLOCK_CAPTURE_AUTORELEASING = YES;
				CLANG_WARN_BOOL_CONVERSION = YES;
				CLANG_WARN_COMMA = YES;
				CLANG_WARN_CONSTANT_CONVERSION = YES;
				CLANG_WARN_DEPRECATED_OBJC_IMPLEMENTATIONS = YES;
				CLANG_WARN_DIRECT_OBJC_ISA_USAGE = YES_ERROR;
				CLANG_WARN_DOCUMENTATION_COMMENTS = YES;
				CLANG_WARN_EMPTY_BODY = YES;
				CLANG_WARN_ENUM_CONVERSION = YES;
				CLANG_WARN_INFINITE_RECURSION = YES;
				CLANG_WARN_INT_CONVERSION = YES;
				CLANG_WARN_NON_LITERAL_NULL_CONVERSION = YES;
				CLANG_WARN_OBJC_IMPLICIT_RETAIN_SELF = YES;
				CLANG_WARN_OBJC_LITERAL_CONVERSION = YES;
				CLANG_WARN_OBJC_ROOT_CLASS = YES_ERROR;
				CLANG_WARN_QUOTED_INCLUDE_IN_FRAMEWORK_HEADER = YES;
				CLANG_WARN_RANGE_LOOP_ANALYSIS = YES;
				CLANG_WARN_STRICT_PROTOTYPES = YES;
				CLANG_WARN_SUSPICIOUS_MOVE = YES;
				CLANG_WARN_UNGUARDED_AVAILABILITY = YES_AGGRESSIVE;
				CLANG_WARN_UNREACHABLE_CODE = YES;
				CLANG_WARN__DUPLICATE_METHOD_MATCH = YES;
				COPY_PHASE_STRIP = NO;
				DEBUG_INFORMATION_FORMAT = "dwarf-with-dsym";
				ENABLE_NS_ASSERTIONS = NO;
				ENABLE_STRICT_OBJC_MSGSEND = YES;
				GCC_C_LANGUAGE_STANDARD = gnu11;
				GCC_NO_COMMON_BLOCKS = YES;
				GCC_WARN_64_TO_32_BIT_CONVERSION = YES;
				GCC_WARN_ABOUT_RETURN_TYPE = YES_ERROR;
				GCC_WARN_UNDECLARED_SELECTOR = YES;
				GCC_WARN_UNINITIALIZED_AUTOS = YES_AGGRESSIVE;
				GCC_WARN_UNUSED_FUNCTION = YES;
				GCC_WARN_UNUSED_VARIABLE = YES;
				IPHONEOS_DEPLOYMENT_TARGET = 14.5;
				MTL_ENABLE_DEBUG_INFO = NO;
				MTL_FAST_MATH = YES;
				SDKROOT = iphoneos;
				SWIFT_COMPILATION_MODE = wholemodule;
				SWIFT_OPTIMIZATION_LEVEL = "-O";
				VALIDATE_PRODUCT = YES;
			};
			name = Release;
		};
		B87838372688E9BF00FFC92F /* Debug */ = {
			isa = XCBuildConfiguration;
			buildSettings = {
				ASSETCATALOG_COMPILER_APPICON_NAME = AppIcon;
				ASSETCATALOG_COMPILER_GLOBAL_ACCENT_COLOR_NAME = AccentColor;
				CODE_SIGN_STYLE = Automatic;
				DEVELOPMENT_ASSET_PATHS = "\"PortfolioSwiftUI/Preview Content\"";
				DEVELOPMENT_TEAM = N62ZF6ZK3Z;
				ENABLE_PREVIEWS = YES;
				INFOPLIST_FILE = PortfolioSwiftUI/Info.plist;
				IPHONEOS_DEPLOYMENT_TARGET = 14.0;
				LD_RUNPATH_SEARCH_PATHS = (
					"$(inherited)",
					"@executable_path/Frameworks",
				);
				PRODUCT_BUNDLE_IDENTIFIER = com.devtools.PortfolioSwiftUI;
				PRODUCT_NAME = "$(TARGET_NAME)";
				SWIFT_VERSION = 5.0;
				TARGETED_DEVICE_FAMILY = "1,2";
			};
			name = Debug;
		};
		B87838382688E9BF00FFC92F /* Release */ = {
			isa = XCBuildConfiguration;
			buildSettings = {
				ASSETCATALOG_COMPILER_APPICON_NAME = AppIcon;
				ASSETCATALOG_COMPILER_GLOBAL_ACCENT_COLOR_NAME = AccentColor;
				CODE_SIGN_STYLE = Automatic;
				DEVELOPMENT_ASSET_PATHS = "\"PortfolioSwiftUI/Preview Content\"";
				DEVELOPMENT_TEAM = N62ZF6ZK3Z;
				ENABLE_PREVIEWS = YES;
				INFOPLIST_FILE = PortfolioSwiftUI/Info.plist;
				IPHONEOS_DEPLOYMENT_TARGET = 14.0;
				LD_RUNPATH_SEARCH_PATHS = (
					"$(inherited)",
					"@executable_path/Frameworks",
				);
				PRODUCT_BUNDLE_IDENTIFIER = com.devtools.PortfolioSwiftUI;
				PRODUCT_NAME = "$(TARGET_NAME)";
				SWIFT_VERSION = 5.0;
				TARGETED_DEVICE_FAMILY = "1,2";
			};
			name = Release;
		};
		B878383A2688E9BF00FFC92F /* Debug */ = {
			isa = XCBuildConfiguration;
			buildSettings = {
				ALWAYS_EMBED_SWIFT_STANDARD_LIBRARIES = YES;
				BUNDLE_LOADER = "$(TEST_HOST)";
				CODE_SIGN_STYLE = Automatic;
				DEVELOPMENT_TEAM = N62ZF6ZK3Z;
				INFOPLIST_FILE = PortfolioSwiftUITests/Info.plist;
				IPHONEOS_DEPLOYMENT_TARGET = 14.0;
				LD_RUNPATH_SEARCH_PATHS = (
					"$(inherited)",
					"@executable_path/Frameworks",
					"@loader_path/Frameworks",
				);
				PRODUCT_BUNDLE_IDENTIFIER = com.devtools.PortfolioSwiftUITests;
				PRODUCT_NAME = "$(TARGET_NAME)";
				SWIFT_VERSION = 5.0;
				TARGETED_DEVICE_FAMILY = "1,2";
				TEST_HOST = "$(BUILT_PRODUCTS_DIR)/PortfolioSwiftUI.app/PortfolioSwiftUI";
			};
			name = Debug;
		};
		B878383B2688E9BF00FFC92F /* Release */ = {
			isa = XCBuildConfiguration;
			buildSettings = {
				ALWAYS_EMBED_SWIFT_STANDARD_LIBRARIES = YES;
				BUNDLE_LOADER = "$(TEST_HOST)";
				CODE_SIGN_STYLE = Automatic;
				DEVELOPMENT_TEAM = N62ZF6ZK3Z;
				INFOPLIST_FILE = PortfolioSwiftUITests/Info.plist;
				IPHONEOS_DEPLOYMENT_TARGET = 14.0;
				LD_RUNPATH_SEARCH_PATHS = (
					"$(inherited)",
					"@executable_path/Frameworks",
					"@loader_path/Frameworks",
				);
				PRODUCT_BUNDLE_IDENTIFIER = com.devtools.PortfolioSwiftUITests;
				PRODUCT_NAME = "$(TARGET_NAME)";
				SWIFT_VERSION = 5.0;
				TARGETED_DEVICE_FAMILY = "1,2";
				TEST_HOST = "$(BUILT_PRODUCTS_DIR)/PortfolioSwiftUI.app/PortfolioSwiftUI";
			};
			name = Release;
		};
		B878383D2688E9BF00FFC92F /* Debug */ = {
			isa = XCBuildConfiguration;
			buildSettings = {
				ALWAYS_EMBED_SWIFT_STANDARD_LIBRARIES = YES;
				CODE_SIGN_STYLE = Automatic;
				DEVELOPMENT_TEAM = N62ZF6ZK3Z;
				INFOPLIST_FILE = PortfolioSwiftUIUITests/Info.plist;
				LD_RUNPATH_SEARCH_PATHS = (
					"$(inherited)",
					"@executable_path/Frameworks",
					"@loader_path/Frameworks",
				);
				PRODUCT_BUNDLE_IDENTIFIER = com.devtools.PortfolioSwiftUIUITests;
				PRODUCT_NAME = "$(TARGET_NAME)";
				SWIFT_VERSION = 5.0;
				TARGETED_DEVICE_FAMILY = "1,2";
				TEST_TARGET_NAME = PortfolioSwiftUI;
			};
			name = Debug;
		};
		B878383E2688E9BF00FFC92F /* Release */ = {
			isa = XCBuildConfiguration;
			buildSettings = {
				ALWAYS_EMBED_SWIFT_STANDARD_LIBRARIES = YES;
				CODE_SIGN_STYLE = Automatic;
				DEVELOPMENT_TEAM = N62ZF6ZK3Z;
				INFOPLIST_FILE = PortfolioSwiftUIUITests/Info.plist;
				LD_RUNPATH_SEARCH_PATHS = (
					"$(inherited)",
					"@executable_path/Frameworks",
					"@loader_path/Frameworks",
				);
				PRODUCT_BUNDLE_IDENTIFIER = com.devtools.PortfolioSwiftUIUITests;
				PRODUCT_NAME = "$(TARGET_NAME)";
				SWIFT_VERSION = 5.0;
				TARGETED_DEVICE_FAMILY = "1,2";
				TEST_TARGET_NAME = PortfolioSwiftUI;
			};
			name = Release;
		};
/* End XCBuildConfiguration section */

/* Begin XCConfigurationList section */
		B878380C2688E9BE00FFC92F /* Build configuration list for PBXProject "PortfolioSwiftUI" */ = {
			isa = XCConfigurationList;
			buildConfigurations = (
				B87838342688E9BF00FFC92F /* Debug */,
				B87838352688E9BF00FFC92F /* Release */,
			);
			defaultConfigurationIsVisible = 0;
			defaultConfigurationName = Release;
		};
		B87838362688E9BF00FFC92F /* Build configuration list for PBXNativeTarget "PortfolioSwiftUI" */ = {
			isa = XCConfigurationList;
			buildConfigurations = (
				B87838372688E9BF00FFC92F /* Debug */,
				B87838382688E9BF00FFC92F /* Release */,
			);
			defaultConfigurationIsVisible = 0;
			defaultConfigurationName = Release;
		};
		B87838392688E9BF00FFC92F /* Build configuration list for PBXNativeTarget "PortfolioSwiftUITests" */ = {
			isa = XCConfigurationList;
			buildConfigurations = (
				B878383A2688E9BF00FFC92F /* Debug */,
				B878383B2688E9BF00FFC92F /* Release */,
			);
			defaultConfigurationIsVisible = 0;
			defaultConfigurationName = Release;
		};
		B878383C2688E9BF00FFC92F /* Build configuration list for PBXNativeTarget "PortfolioSwiftUIUITests" */ = {
			isa = XCConfigurationList;
			buildConfigurations = (
				B878383D2688E9BF00FFC92F /* Debug */,
				B878383E2688E9BF00FFC92F /* Release */,
			);
			defaultConfigurationIsVisible = 0;
			defaultConfigurationName = Release;
		};
/* End XCConfigurationList section */
	};
	rootObject = B87838092688E9BE00FFC92F /* Project object */;
}
